
Microsoft Visual Studio Solution File, Format Version 12.00
# Visual Studio Version 17
VisualStudioVersion = 17.0.32126.317
MinimumVisualStudioVersion = 10.0.40219.1
Project("{9A19103F-16F7-4668-BE54-9A1E7A4F7556}") = "ImageApi", "ImageApi\ImageApi.csproj", "{0BDD36DB-01CC-4429-8887-AE7FA4A515CE}"
EndProject
Project("{FAE04EC0-301F-11D3-BF4B-00C04F79EFBC}") = "TestImageApi", "TestImageApi\TestImageApi.csproj", "{6DA3FA78-2DA1-4F2A-8ECA-95413F4B1FF2}"
EndProject
Global
	GlobalSection(SolutionConfigurationPlatforms) = preSolution
		Debug|Any CPU = Debug|Any CPU
		Release|Any CPU = Release|Any CPU
	EndGlobalSection
	GlobalSection(ProjectConfigurationPlatforms) = postSolution
		{0BDD36DB-01CC-4429-8887-AE7FA4A515CE}.Debug|Any CPU.ActiveCfg = Debug|Any CPU
		{0BDD36DB-01CC-4429-8887-AE7FA4A515CE}.Debug|Any CPU.Build.0 = Debug|Any CPU
		{0BDD36DB-01CC-4429-8887-AE7FA4A515CE}.Release|Any CPU.ActiveCfg = Release|Any CPU
		{0BDD36DB-01CC-4429-8887-AE7FA4A515CE}.Release|Any CPU.Build.0 = Release|Any CPU
		{6DA3FA78-2DA1-4F2A-8ECA-95413F4B1FF2}.Debug|Any CPU.ActiveCfg = Debug|Any CPU
		{6DA3FA78-2DA1-4F2A-8ECA-95413F4B1FF2}.Debug|Any CPU.Build.0 = Debug|Any CPU
		{6DA3FA78-2DA1-4F2A-8ECA-95413F4B1FF2}.Release|Any CPU.ActiveCfg = Release|Any CPU
		{6DA3FA78-2DA1-4F2A-8ECA-95413F4B1FF2}.Release|Any CPU.Build.0 = Release|Any CPU
	EndGlobalSection
	GlobalSection(SolutionProperties) = preSolution
		HideSolutionNode = FALSE
	EndGlobalSection
	GlobalSection(ExtensibilityGlobals) = postSolution
		SolutionGuid = {73414F71-6F48-4662-9B98-CE4DE687BFED}
	EndGlobalSection
EndGlobal
